// !$*UTF8*$!
{
	archiveVersion = 1;
	classes = {
	};
	objectVersion = 56;
	objects = {

/* Begin PBXBuildFile section */
		8475A2AE2AE2A5F100749D57 /* UserTableViewCell.swift in Sources */ = {isa = PBXBuildFile; fileRef = 8475A2AD2AE2A5F100749D57 /* UserTableViewCell.swift */; };
		8B5E94D12AE9553C0087958E /* GithubAPI.swift in Sources */ = {isa = PBXBuildFile; fileRef = 8B5E94D02AE9553C0087958E /* GithubAPI.swift */; };
		8B72B0322AD03789008A757A /* AppDelegate.swift in Sources */ = {isa = PBXBuildFile; fileRef = 8B72B0312AD03789008A757A /* AppDelegate.swift */; };
		8B72B0362AD03789008A757A /* UserProfileViewController.swift in Sources */ = {isa = PBXBuildFile; fileRef = 8B72B0352AD03789008A757A /* UserProfileViewController.swift */; };
		8B72B03B2AD0378A008A757A /* Assets.xcassets in Resources */ = {isa = PBXBuildFile; fileRef = 8B72B03A2AD0378A008A757A /* Assets.xcassets */; };
		8B72B0492AD03A22008A757A /* UserProfileSectionView.swift in Sources */ = {isa = PBXBuildFile; fileRef = 8B72B0482AD03A22008A757A /* UserProfileSectionView.swift */; };
		8B72B0512AD03FE0008A757A /* UserPofileData.swift in Sources */ = {isa = PBXBuildFile; fileRef = 8B72B0502AD03FE0008A757A /* UserPofileData.swift */; };
		8B72B0532AD0442E008A757A /* UserProfileView.swift in Sources */ = {isa = PBXBuildFile; fileRef = 8B72B0522AD0442E008A757A /* UserProfileView.swift */; };
		8B72B0562AD04A60008A757A /* SnapKit in Frameworks */ = {isa = PBXBuildFile; productRef = 8B72B0552AD04A60008A757A /* SnapKit */; };
		8B72B05B2AD6E0DB008A757A /* Kingfisher in Frameworks */ = {isa = PBXBuildFile; productRef = 8B72B05A2AD6E0DB008A757A /* Kingfisher */; };
		8B72B05F2AD6EA23008A757A /* Alamofire in Frameworks */ = {isa = PBXBuildFile; productRef = 8B72B05E2AD6EA23008A757A /* Alamofire */; };
		8B72B0612AD7CF2D008A757A /* GitHubAPIManager.swift in Sources */ = {isa = PBXBuildFile; fileRef = 8B72B0602AD7CF2D008A757A /* GitHubAPIManager.swift */; };
		8B72B0672AD93E68008A757A /* UserListViewController.swift in Sources */ = {isa = PBXBuildFile; fileRef = 8B72B0662AD93E68008A757A /* UserListViewController.swift */; };
		8B72B06A2AD93EA3008A757A /* UserListView.swift in Sources */ = {isa = PBXBuildFile; fileRef = 8B72B0692AD93EA3008A757A /* UserListView.swift */; };
		8BA47D762AF8D3E100E34286 /* DefaultThemes.swift in Sources */ = {isa = PBXBuildFile; fileRef = 8BA47D752AF8D3E100E34286 /* DefaultThemes.swift */; };
		8BA47D792AF8D55D00E34286 /* UIColor+Complementary.swift in Sources */ = {isa = PBXBuildFile; fileRef = 8BA47D782AF8D55D00E34286 /* UIColor+Complementary.swift */; };
		8BA47D7B2AF8D5C600E34286 /* UIColor+LightDark.swift in Sources */ = {isa = PBXBuildFile; fileRef = 8BA47D7A2AF8D5C600E34286 /* UIColor+LightDark.swift */; };
		8BA47D7D2AF8D60900E34286 /* UIColor+Codable.swift in Sources */ = {isa = PBXBuildFile; fileRef = 8BA47D7C2AF8D60900E34286 /* UIColor+Codable.swift */; };
		8BA47D7F2AF8DE4700E34286 /* SettingsViewControllerDelegate.swift in Sources */ = {isa = PBXBuildFile; fileRef = 8BA47D7E2AF8DE4700E34286 /* SettingsViewControllerDelegate.swift */; };
		8BA47D822AF8DFD600E34286 /* Themable.swift in Sources */ = {isa = PBXBuildFile; fileRef = 8BA47D812AF8DFD600E34286 /* Themable.swift */; };
		8BA47D892AF933EA00E34286 /* SettingsSectionHeaderView.swift in Sources */ = {isa = PBXBuildFile; fileRef = 8BA47D882AF933EA00E34286 /* SettingsSectionHeaderView.swift */; };
		8BB6ACBE2AFBD30100E215B0 /* SettingsCellVIew.swift in Sources */ = {isa = PBXBuildFile; fileRef = 8BB6ACBD2AFBD30100E215B0 /* SettingsCellVIew.swift */; };
		8BB6ACC12AFE35A600E215B0 /* UIUserInterfaceStyle+Codable.swift in Sources */ = {isa = PBXBuildFile; fileRef = 8BB6ACC02AFE35A600E215B0 /* UIUserInterfaceStyle+Codable.swift */; };
		8BB89A232ADD22EF0017054B /* UserTableData.swift in Sources */ = {isa = PBXBuildFile; fileRef = 8BB89A222ADD22EF0017054B /* UserTableData.swift */; };
		8BC0AF9F2AEFD0FD0086BD17 /* MainTapBarController.swift in Sources */ = {isa = PBXBuildFile; fileRef = 8BC0AF9E2AEFD0FD0086BD17 /* MainTapBarController.swift */; };
		8BC0AFA42AEFF3D00086BD17 /* SettingsViewController.swift in Sources */ = {isa = PBXBuildFile; fileRef = 8BC0AFA32AEFF3D00086BD17 /* SettingsViewController.swift */; };
		8BC0AFA62AEFF6470086BD17 /* SettingsView.swift in Sources */ = {isa = PBXBuildFile; fileRef = 8BC0AFA52AEFF6470086BD17 /* SettingsView.swift */; };
		8BC3F5222AF2900100C0C34A /* Theme.swift in Sources */ = {isa = PBXBuildFile; fileRef = 8BC3F5212AF2900100C0C34A /* Theme.swift */; };
		8BC3F5242AF2903700C0C34A /* ThemeManager.swift in Sources */ = {isa = PBXBuildFile; fileRef = 8BC3F5232AF2903700C0C34A /* ThemeManager.swift */; };
		8BC54AA32AEBB81700B4EC6A /* QRCodeScanerViewController.swift in Sources */ = {isa = PBXBuildFile; fileRef = 8BC54AA22AEBB81700B4EC6A /* QRCodeScanerViewController.swift */; };
/* End PBXBuildFile section */

/* Begin PBXFileReference section */
		8475A2AD2AE2A5F100749D57 /* UserTableViewCell.swift */ = {isa = PBXFileReference; lastKnownFileType = sourcecode.swift; path = UserTableViewCell.swift; sourceTree = "<group>"; wrapsLines = 1; };
		8B5E94D02AE9553C0087958E /* GithubAPI.swift */ = {isa = PBXFileReference; lastKnownFileType = sourcecode.swift; path = GithubAPI.swift; sourceTree = "<group>"; };
		8B72B02E2AD03789008A757A /* HubHub.app */ = {isa = PBXFileReference; explicitFileType = wrapper.application; includeInIndex = 0; path = HubHub.app; sourceTree = BUILT_PRODUCTS_DIR; };
		8B72B0312AD03789008A757A /* AppDelegate.swift */ = {isa = PBXFileReference; lastKnownFileType = sourcecode.swift; path = AppDelegate.swift; sourceTree = "<group>"; };
		8B72B0352AD03789008A757A /* UserProfileViewController.swift */ = {isa = PBXFileReference; lastKnownFileType = sourcecode.swift; path = UserProfileViewController.swift; sourceTree = "<group>"; };
		8B72B03A2AD0378A008A757A /* Assets.xcassets */ = {isa = PBXFileReference; lastKnownFileType = folder.assetcatalog; path = Assets.xcassets; sourceTree = "<group>"; };
		8B72B03F2AD0378A008A757A /* Info.plist */ = {isa = PBXFileReference; lastKnownFileType = text.plist.xml; path = Info.plist; sourceTree = "<group>"; };
		8B72B0482AD03A22008A757A /* UserProfileSectionView.swift */ = {isa = PBXFileReference; lastKnownFileType = sourcecode.swift; path = UserProfileSectionView.swift; sourceTree = "<group>"; };
		8B72B0502AD03FE0008A757A /* UserPofileData.swift */ = {isa = PBXFileReference; lastKnownFileType = sourcecode.swift; path = UserPofileData.swift; sourceTree = "<group>"; };
		8B72B0522AD0442E008A757A /* UserProfileView.swift */ = {isa = PBXFileReference; lastKnownFileType = sourcecode.swift; path = UserProfileView.swift; sourceTree = "<group>"; };
		8B72B0602AD7CF2D008A757A /* GitHubAPIManager.swift */ = {isa = PBXFileReference; lastKnownFileType = sourcecode.swift; path = GitHubAPIManager.swift; sourceTree = "<group>"; };
		8B72B0662AD93E68008A757A /* UserListViewController.swift */ = {isa = PBXFileReference; lastKnownFileType = sourcecode.swift; path = UserListViewController.swift; sourceTree = "<group>"; };
		8B72B0692AD93EA3008A757A /* UserListView.swift */ = {isa = PBXFileReference; lastKnownFileType = sourcecode.swift; path = UserListView.swift; sourceTree = "<group>"; };
		8BA47D752AF8D3E100E34286 /* DefaultThemes.swift */ = {isa = PBXFileReference; lastKnownFileType = sourcecode.swift; path = DefaultThemes.swift; sourceTree = "<group>"; };
		8BA47D782AF8D55D00E34286 /* UIColor+Complementary.swift */ = {isa = PBXFileReference; lastKnownFileType = sourcecode.swift; path = "UIColor+Complementary.swift"; sourceTree = "<group>"; };
		8BA47D7A2AF8D5C600E34286 /* UIColor+LightDark.swift */ = {isa = PBXFileReference; lastKnownFileType = sourcecode.swift; path = "UIColor+LightDark.swift"; sourceTree = "<group>"; };
		8BA47D7C2AF8D60900E34286 /* UIColor+Codable.swift */ = {isa = PBXFileReference; lastKnownFileType = sourcecode.swift; path = "UIColor+Codable.swift"; sourceTree = "<group>"; };
		8BA47D7E2AF8DE4700E34286 /* SettingsViewControllerDelegate.swift */ = {isa = PBXFileReference; lastKnownFileType = sourcecode.swift; path = SettingsViewControllerDelegate.swift; sourceTree = "<group>"; };
		8BA47D812AF8DFD600E34286 /* Themable.swift */ = {isa = PBXFileReference; lastKnownFileType = sourcecode.swift; path = Themable.swift; sourceTree = "<group>"; };
		8BA47D882AF933EA00E34286 /* SettingsSectionHeaderView.swift */ = {isa = PBXFileReference; lastKnownFileType = sourcecode.swift; path = SettingsSectionHeaderView.swift; sourceTree = "<group>"; };
		8BB6ACBD2AFBD30100E215B0 /* SettingsCellVIew.swift */ = {isa = PBXFileReference; lastKnownFileType = sourcecode.swift; path = SettingsCellVIew.swift; sourceTree = "<group>"; };
		8BB6ACC02AFE35A600E215B0 /* UIUserInterfaceStyle+Codable.swift */ = {isa = PBXFileReference; lastKnownFileType = sourcecode.swift; path = "UIUserInterfaceStyle+Codable.swift"; sourceTree = "<group>"; };
		8BB89A222ADD22EF0017054B /* UserTableData.swift */ = {isa = PBXFileReference; lastKnownFileType = sourcecode.swift; path = UserTableData.swift; sourceTree = "<group>"; };
		8BC0AF9E2AEFD0FD0086BD17 /* MainTapBarController.swift */ = {isa = PBXFileReference; lastKnownFileType = sourcecode.swift; path = MainTapBarController.swift; sourceTree = "<group>"; };
		8BC0AFA32AEFF3D00086BD17 /* SettingsViewController.swift */ = {isa = PBXFileReference; lastKnownFileType = sourcecode.swift; path = SettingsViewController.swift; sourceTree = "<group>"; };
		8BC0AFA52AEFF6470086BD17 /* SettingsView.swift */ = {isa = PBXFileReference; lastKnownFileType = sourcecode.swift; path = SettingsView.swift; sourceTree = "<group>"; };
		8BC3F5212AF2900100C0C34A /* Theme.swift */ = {isa = PBXFileReference; lastKnownFileType = sourcecode.swift; path = Theme.swift; sourceTree = "<group>"; };
		8BC3F5232AF2903700C0C34A /* ThemeManager.swift */ = {isa = PBXFileReference; lastKnownFileType = sourcecode.swift; path = ThemeManager.swift; sourceTree = "<group>"; };
		8BC54AA22AEBB81700B4EC6A /* QRCodeScanerViewController.swift */ = {isa = PBXFileReference; lastKnownFileType = sourcecode.swift; path = QRCodeScanerViewController.swift; sourceTree = "<group>"; };
/* End PBXFileReference section */

/* Begin PBXFrameworksBuildPhase section */
		8B72B02B2AD03789008A757A /* Frameworks */ = {
			isa = PBXFrameworksBuildPhase;
			buildActionMask = 2147483647;
			files = (
				8B72B05F2AD6EA23008A757A /* Alamofire in Frameworks */,
				8B72B05B2AD6E0DB008A757A /* Kingfisher in Frameworks */,
				8B72B0562AD04A60008A757A /* SnapKit in Frameworks */,
			);
			runOnlyForDeploymentPostprocessing = 0;
		};
/* End PBXFrameworksBuildPhase section */

/* Begin PBXGroup section */
		8475A2AC2AE2A5E400749D57 /* Cell */ = {
			isa = PBXGroup;
			children = (
				8475A2AD2AE2A5F100749D57 /* UserTableViewCell.swift */,
			);
			path = Cell;
			sourceTree = "<group>";
		};
		8B5E94CB2AE954910087958E /* Common */ = {
			isa = PBXGroup;
			children = (
				8BA47D742AF8D3B100E34286 /* Theme */,
				8BA47D712AF2B9E000E34286 /* Extentions */,
				8B5E94CF2AE9552A0087958E /* Constants */,
				8B5E94CE2AE955150087958E /* Managers */,
				8BB89A242ADFD9200017054B /* Models */,
			);
			path = Common;
			sourceTree = "<group>";
		};
		8B5E94CC2AE954A30087958E /* Modules */ = {
			isa = PBXGroup;
			children = (
				8BC0AFA02AEFF34B0086BD17 /* SettingsScreen */,
				8B72B0642AD93B64008A757A /* UserListScreen */,
				8BC54AA42AEBBB6100B4EC6A /* QRCodeScannerScreen */,
				8B72B0452AD03831008A757A /* UserProfileScreen */,
			);
			path = Modules;
			sourceTree = "<group>";
		};
		8B5E94CD2AE954D50087958E /* Section */ = {
			isa = PBXGroup;
			children = (
				8B72B0482AD03A22008A757A /* UserProfileSectionView.swift */,
			);
			path = Section;
			sourceTree = "<group>";
		};
		8B5E94CE2AE955150087958E /* Managers */ = {
			isa = PBXGroup;
			children = (
				8B72B0602AD7CF2D008A757A /* GitHubAPIManager.swift */,
				8BC3F5232AF2903700C0C34A /* ThemeManager.swift */,
			);
			path = Managers;
			sourceTree = "<group>";
		};
		8B5E94CF2AE9552A0087958E /* Constants */ = {
			isa = PBXGroup;
			children = (
				8B5E94D02AE9553C0087958E /* GithubAPI.swift */,
			);
			path = Constants;
			sourceTree = "<group>";
		};
		8B72B0252AD03788008A757A = {
			isa = PBXGroup;
			children = (
				8B72B0302AD03789008A757A /* HubHub */,
				8B72B02F2AD03789008A757A /* Products */,
			);
			sourceTree = "<group>";
		};
		8B72B02F2AD03789008A757A /* Products */ = {
			isa = PBXGroup;
			children = (
				8B72B02E2AD03789008A757A /* HubHub.app */,
			);
			name = Products;
			sourceTree = "<group>";
		};
		8B72B0302AD03789008A757A /* HubHub */ = {
			isa = PBXGroup;
			children = (
				8B72B06B2AD9659C008A757A /* Navigation */,
				8B5E94CB2AE954910087958E /* Common */,
				8B5E94CC2AE954A30087958E /* Modules */,
				8B72B03A2AD0378A008A757A /* Assets.xcassets */,
				8B72B0312AD03789008A757A /* AppDelegate.swift */,
				8B72B03F2AD0378A008A757A /* Info.plist */,
			);
			path = HubHub;
			sourceTree = "<group>";
		};
		8B72B0452AD03831008A757A /* UserProfileScreen */ = {
			isa = PBXGroup;
			children = (
				8B72B0462AD038FF008A757A /* Controller */,
				8B72B0472AD0397F008A757A /* View */,
			);
			path = UserProfileScreen;
			sourceTree = "<group>";
		};
		8B72B0462AD038FF008A757A /* Controller */ = {
			isa = PBXGroup;
			children = (
				8B72B0352AD03789008A757A /* UserProfileViewController.swift */,
			);
			path = Controller;
			sourceTree = "<group>";
		};
		8B72B0472AD0397F008A757A /* View */ = {
			isa = PBXGroup;
			children = (
				8B5E94CD2AE954D50087958E /* Section */,
				8B72B0522AD0442E008A757A /* UserProfileView.swift */,
			);
			path = View;
			sourceTree = "<group>";
		};
		8B72B0642AD93B64008A757A /* UserListScreen */ = {
			isa = PBXGroup;
			children = (
				8B72B0652AD93E3C008A757A /* Controller */,
				8B72B0682AD93E78008A757A /* View */,
			);
			path = UserListScreen;
			sourceTree = "<group>";
		};
		8B72B0652AD93E3C008A757A /* Controller */ = {
			isa = PBXGroup;
			children = (
				8B72B0662AD93E68008A757A /* UserListViewController.swift */,
			);
			path = Controller;
			sourceTree = "<group>";
		};
		8B72B0682AD93E78008A757A /* View */ = {
			isa = PBXGroup;
			children = (
				8475A2AC2AE2A5E400749D57 /* Cell */,
				8B72B0692AD93EA3008A757A /* UserListView.swift */,
			);
			path = View;
			sourceTree = "<group>";
		};
		8B72B06B2AD9659C008A757A /* Navigation */ = {
			isa = PBXGroup;
			children = (
				8BC0AF9E2AEFD0FD0086BD17 /* MainTapBarController.swift */,
			);
			path = Navigation;
			sourceTree = "<group>";
		};
		8BA47D712AF2B9E000E34286 /* Extentions */ = {
			isa = PBXGroup;
			children = (
				8BB6ACBF2AFE356400E215B0 /* UIUserInterfaceStyle */,
				8BA47D772AF8D54B00E34286 /* UIColor */,
			);
			path = Extentions;
			sourceTree = "<group>";
		};
		8BA47D742AF8D3B100E34286 /* Theme */ = {
			isa = PBXGroup;
			children = (
				8BC3F5212AF2900100C0C34A /* Theme.swift */,
				8BA47D752AF8D3E100E34286 /* DefaultThemes.swift */,
				8BA47D812AF8DFD600E34286 /* Themable.swift */,
			);
			path = Theme;
			sourceTree = "<group>";
		};
		8BA47D772AF8D54B00E34286 /* UIColor */ = {
			isa = PBXGroup;
			children = (
				8BA47D782AF8D55D00E34286 /* UIColor+Complementary.swift */,
				8BA47D7A2AF8D5C600E34286 /* UIColor+LightDark.swift */,
				8BA47D7C2AF8D60900E34286 /* UIColor+Codable.swift */,
			);
			path = UIColor;
			sourceTree = "<group>";
		};
		8BA47D802AF8DE4E00E34286 /* Delegate */ = {
			isa = PBXGroup;
			children = (
				8BA47D7E2AF8DE4700E34286 /* SettingsViewControllerDelegate.swift */,
			);
			path = Delegate;
			sourceTree = "<group>";
		};
		8BA47D872AF9328B00E34286 /* SectionHeader */ = {
			isa = PBXGroup;
			children = (
				8BA47D882AF933EA00E34286 /* SettingsSectionHeaderView.swift */,
			);
			path = SectionHeader;
			sourceTree = "<group>";
		};
		8BB6ACBC2AFBD2D300E215B0 /* Cell */ = {
			isa = PBXGroup;
			children = (
				8BB6ACBD2AFBD30100E215B0 /* SettingsCellVIew.swift */,
			);
			path = Cell;
			sourceTree = "<group>";
		};
		8BB6ACBF2AFE356400E215B0 /* UIUserInterfaceStyle */ = {
			isa = PBXGroup;
			children = (
				8BB6ACC02AFE35A600E215B0 /* UIUserInterfaceStyle+Codable.swift */,
			);
			path = UIUserInterfaceStyle;
			sourceTree = "<group>";
		};
		8BB89A242ADFD9200017054B /* Models */ = {
			isa = PBXGroup;
			children = (
				8BB89A222ADD22EF0017054B /* UserTableData.swift */,
				8B72B0502AD03FE0008A757A /* UserPofileData.swift */,
			);
			path = Models;
			sourceTree = "<group>";
		};
		8BC0AFA02AEFF34B0086BD17 /* SettingsScreen */ = {
			isa = PBXGroup;
			children = (
				8BC0AFA12AEFF3780086BD17 /* Controller */,
				8BC0AFA22AEFF3B00086BD17 /* View */,
			);
			path = SettingsScreen;
			sourceTree = "<group>";
		};
		8BC0AFA12AEFF3780086BD17 /* Controller */ = {
			isa = PBXGroup;
			children = (
				8BA47D802AF8DE4E00E34286 /* Delegate */,
				8BC0AFA32AEFF3D00086BD17 /* SettingsViewController.swift */,
			);
			path = Controller;
			sourceTree = "<group>";
		};
		8BC0AFA22AEFF3B00086BD17 /* View */ = {
			isa = PBXGroup;
			children = (
				8BA47D872AF9328B00E34286 /* SectionHeader */,
				8BB6ACBC2AFBD2D300E215B0 /* Cell */,
				8BC0AFA52AEFF6470086BD17 /* SettingsView.swift */,
			);
			path = View;
			sourceTree = "<group>";
		};
		8BC54AA42AEBBB6100B4EC6A /* QRCodeScannerScreen */ = {
			isa = PBXGroup;
			children = (
				8BC54AA52AEBBB9000B4EC6A /* Controller */,
			);
			path = QRCodeScannerScreen;
			sourceTree = "<group>";
		};
		8BC54AA52AEBBB9000B4EC6A /* Controller */ = {
			isa = PBXGroup;
			children = (
				8BC54AA22AEBB81700B4EC6A /* QRCodeScanerViewController.swift */,
			);
			path = Controller;
			sourceTree = "<group>";
		};
/* End PBXGroup section */

/* Begin PBXNativeTarget section */
		8B72B02D2AD03789008A757A /* HubHub */ = {
			isa = PBXNativeTarget;
			buildConfigurationList = 8B72B0422AD0378A008A757A /* Build configuration list for PBXNativeTarget "HubHub" */;
			buildPhases = (
				8B72B02A2AD03789008A757A /* Sources */,
				8B72B02B2AD03789008A757A /* Frameworks */,
				8B72B02C2AD03789008A757A /* Resources */,
			);
			buildRules = (
			);
			dependencies = (
			);
			name = HubHub;
			packageProductDependencies = (
				8B72B0552AD04A60008A757A /* SnapKit */,
				8B72B05A2AD6E0DB008A757A /* Kingfisher */,
				8B72B05E2AD6EA23008A757A /* Alamofire */,
			);
			productName = GitHub;
			productReference = 8B72B02E2AD03789008A757A /* HubHub.app */;
			productType = "com.apple.product-type.application";
		};
/* End PBXNativeTarget section */

/* Begin PBXProject section */
		8B72B0262AD03788008A757A /* Project object */ = {
			isa = PBXProject;
			attributes = {
				BuildIndependentTargetsInParallel = 1;
				LastSwiftUpdateCheck = 1410;
				LastUpgradeCheck = 1410;
				TargetAttributes = {
					8B72B02D2AD03789008A757A = {
						CreatedOnToolsVersion = 14.1;
					};
				};
			};
			buildConfigurationList = 8B72B0292AD03788008A757A /* Build configuration list for PBXProject "HubHub" */;
			compatibilityVersion = "Xcode 14.0";
			developmentRegion = en;
			hasScannedForEncodings = 0;
			knownRegions = (
				en,
				Base,
			);
			mainGroup = 8B72B0252AD03788008A757A;
			packageReferences = (
				8B72B0542AD04A60008A757A /* XCRemoteSwiftPackageReference "SnapKit" */,
				8B72B0592AD6E0DB008A757A /* XCRemoteSwiftPackageReference "Kingfisher" */,
				8B72B05D2AD6EA23008A757A /* XCRemoteSwiftPackageReference "Alamofire" */,
			);
			productRefGroup = 8B72B02F2AD03789008A757A /* Products */;
			projectDirPath = "";
			projectRoot = "";
			targets = (
				8B72B02D2AD03789008A757A /* HubHub */,
			);
		};
/* End PBXProject section */

/* Begin PBXResourcesBuildPhase section */
		8B72B02C2AD03789008A757A /* Resources */ = {
			isa = PBXResourcesBuildPhase;
			buildActionMask = 2147483647;
			files = (
				8B72B03B2AD0378A008A757A /* Assets.xcassets in Resources */,
			);
			runOnlyForDeploymentPostprocessing = 0;
		};
/* End PBXResourcesBuildPhase section */

/* Begin PBXSourcesBuildPhase section */
		8B72B02A2AD03789008A757A /* Sources */ = {
			isa = PBXSourcesBuildPhase;
			buildActionMask = 2147483647;
			files = (
				8BC0AFA62AEFF6470086BD17 /* SettingsView.swift in Sources */,
				8B72B0362AD03789008A757A /* UserProfileViewController.swift in Sources */,
				8BA47D7F2AF8DE4700E34286 /* SettingsViewControllerDelegate.swift in Sources */,
				8475A2AE2AE2A5F100749D57 /* UserTableViewCell.swift in Sources */,
				8B72B06A2AD93EA3008A757A /* UserListView.swift in Sources */,
				8BA47D822AF8DFD600E34286 /* Themable.swift in Sources */,
				8B72B0532AD0442E008A757A /* UserProfileView.swift in Sources */,
				8BC54AA32AEBB81700B4EC6A /* QRCodeScanerViewController.swift in Sources */,
				8B72B0672AD93E68008A757A /* UserListViewController.swift in Sources */,
				8B72B0492AD03A22008A757A /* UserProfileSectionView.swift in Sources */,
				8BB6ACBE2AFBD30100E215B0 /* SettingsCellVIew.swift in Sources */,
				8B72B0612AD7CF2D008A757A /* GitHubAPIManager.swift in Sources */,
				8BB6ACC12AFE35A600E215B0 /* UIUserInterfaceStyle+Codable.swift in Sources */,
				8BC0AF9F2AEFD0FD0086BD17 /* MainTapBarController.swift in Sources */,
				8BC3F5242AF2903700C0C34A /* ThemeManager.swift in Sources */,
				8BC0AFA42AEFF3D00086BD17 /* SettingsViewController.swift in Sources */,
				8B5E94D12AE9553C0087958E /* GithubAPI.swift in Sources */,
				8BA47D792AF8D55D00E34286 /* UIColor+Complementary.swift in Sources */,
				8B72B0322AD03789008A757A /* AppDelegate.swift in Sources */,
				8BB89A232ADD22EF0017054B /* UserTableData.swift in Sources */,
				8BA47D7B2AF8D5C600E34286 /* UIColor+LightDark.swift in Sources */,
				8BA47D7D2AF8D60900E34286 /* UIColor+Codable.swift in Sources */,
				8B72B0512AD03FE0008A757A /* UserPofileData.swift in Sources */,
				8BA47D892AF933EA00E34286 /* SettingsSectionHeaderView.swift in Sources */,
				8BA47D762AF8D3E100E34286 /* DefaultThemes.swift in Sources */,
				8BC3F5222AF2900100C0C34A /* Theme.swift in Sources */,
			);
			runOnlyForDeploymentPostprocessing = 0;
		};
/* End PBXSourcesBuildPhase section */

/* Begin XCBuildConfiguration section */
		8B72B0402AD0378A008A757A /* Debug */ = {
			isa = XCBuildConfiguration;
			buildSettings = {
				ALWAYS_SEARCH_USER_PATHS = NO;
				CLANG_ANALYZER_NONNULL = YES;
				CLANG_ANALYZER_NUMBER_OBJECT_CONVERSION = YES_AGGRESSIVE;
				CLANG_CXX_LANGUAGE_STANDARD = "gnu++20";
				CLANG_ENABLE_MODULES = YES;
				CLANG_ENABLE_OBJC_ARC = YES;
				CLANG_ENABLE_OBJC_WEAK = YES;
				CLANG_WARN_BLOCK_CAPTURE_AUTORELEASING = YES;
				CLANG_WARN_BOOL_CONVERSION = YES;
				CLANG_WARN_COMMA = YES;
				CLANG_WARN_CONSTANT_CONVERSION = YES;
				CLANG_WARN_DEPRECATED_OBJC_IMPLEMENTATIONS = YES;
				CLANG_WARN_DIRECT_OBJC_ISA_USAGE = YES_ERROR;
				CLANG_WARN_DOCUMENTATION_COMMENTS = YES;
				CLANG_WARN_EMPTY_BODY = YES;
				CLANG_WARN_ENUM_CONVERSION = YES;
				CLANG_WARN_INFINITE_RECURSION = YES;
				CLANG_WARN_INT_CONVERSION = YES;
				CLANG_WARN_NON_LITERAL_NULL_CONVERSION = YES;
				CLANG_WARN_OBJC_IMPLICIT_RETAIN_SELF = YES;
				CLANG_WARN_OBJC_LITERAL_CONVERSION = YES;
				CLANG_WARN_OBJC_ROOT_CLASS = YES_ERROR;
				CLANG_WARN_QUOTED_INCLUDE_IN_FRAMEWORK_HEADER = YES;
				CLANG_WARN_RANGE_LOOP_ANALYSIS = YES;
				CLANG_WARN_STRICT_PROTOTYPES = YES;
				CLANG_WARN_SUSPICIOUS_MOVE = YES;
				CLANG_WARN_UNGUARDED_AVAILABILITY = YES_AGGRESSIVE;
				CLANG_WARN_UNREACHABLE_CODE = YES;
				CLANG_WARN__DUPLICATE_METHOD_MATCH = YES;
				COPY_PHASE_STRIP = NO;
				DEBUG_INFORMATION_FORMAT = dwarf;
				ENABLE_STRICT_OBJC_MSGSEND = YES;
				ENABLE_TESTABILITY = YES;
				GCC_C_LANGUAGE_STANDARD = gnu11;
				GCC_DYNAMIC_NO_PIC = NO;
				GCC_NO_COMMON_BLOCKS = YES;
				GCC_OPTIMIZATION_LEVEL = 0;
				GCC_PREPROCESSOR_DEFINITIONS = (
					"DEBUG=1",
					"$(inherited)",
				);
				GCC_WARN_64_TO_32_BIT_CONVERSION = YES;
				GCC_WARN_ABOUT_RETURN_TYPE = YES_ERROR;
				GCC_WARN_UNDECLARED_SELECTOR = YES;
				GCC_WARN_UNINITIALIZED_AUTOS = YES_AGGRESSIVE;
				GCC_WARN_UNUSED_FUNCTION = YES;
				GCC_WARN_UNUSED_VARIABLE = YES;
				IPHONEOS_DEPLOYMENT_TARGET = 16.1;
				MTL_ENABLE_DEBUG_INFO = INCLUDE_SOURCE;
				MTL_FAST_MATH = YES;
				ONLY_ACTIVE_ARCH = YES;
				SDKROOT = iphoneos;
				SWIFT_ACTIVE_COMPILATION_CONDITIONS = DEBUG;
				SWIFT_OPTIMIZATION_LEVEL = "-Onone";
			};
			name = Debug;
		};
		8B72B0412AD0378A008A757A /* Release */ = {
			isa = XCBuildConfiguration;
			buildSettings = {
				ALWAYS_SEARCH_USER_PATHS = NO;
				CLANG_ANALYZER_NONNULL = YES;
				CLANG_ANALYZER_NUMBER_OBJECT_CONVERSION = YES_AGGRESSIVE;
				CLANG_CXX_LANGUAGE_STANDARD = "gnu++20";
				CLANG_ENABLE_MODULES = YES;
				CLANG_ENABLE_OBJC_ARC = YES;
				CLANG_ENABLE_OBJC_WEAK = YES;
				CLANG_WARN_BLOCK_CAPTURE_AUTORELEASING = YES;
				CLANG_WARN_BOOL_CONVERSION = YES;
				CLANG_WARN_COMMA = YES;
				CLANG_WARN_CONSTANT_CONVERSION = YES;
				CLANG_WARN_DEPRECATED_OBJC_IMPLEMENTATIONS = YES;
				CLANG_WARN_DIRECT_OBJC_ISA_USAGE = YES_ERROR;
				CLANG_WARN_DOCUMENTATION_COMMENTS = YES;
				CLANG_WARN_EMPTY_BODY = YES;
				CLANG_WARN_ENUM_CONVERSION = YES;
				CLANG_WARN_INFINITE_RECURSION = YES;
				CLANG_WARN_INT_CONVERSION = YES;
				CLANG_WARN_NON_LITERAL_NULL_CONVERSION = YES;
				CLANG_WARN_OBJC_IMPLICIT_RETAIN_SELF = YES;
				CLANG_WARN_OBJC_LITERAL_CONVERSION = YES;
				CLANG_WARN_OBJC_ROOT_CLASS = YES_ERROR;
				CLANG_WARN_QUOTED_INCLUDE_IN_FRAMEWORK_HEADER = YES;
				CLANG_WARN_RANGE_LOOP_ANALYSIS = YES;
				CLANG_WARN_STRICT_PROTOTYPES = YES;
				CLANG_WARN_SUSPICIOUS_MOVE = YES;
				CLANG_WARN_UNGUARDED_AVAILABILITY = YES_AGGRESSIVE;
				CLANG_WARN_UNREACHABLE_CODE = YES;
				CLANG_WARN__DUPLICATE_METHOD_MATCH = YES;
				COPY_PHASE_STRIP = NO;
				DEBUG_INFORMATION_FORMAT = "dwarf-with-dsym";
				ENABLE_NS_ASSERTIONS = NO;
				ENABLE_STRICT_OBJC_MSGSEND = YES;
				GCC_C_LANGUAGE_STANDARD = gnu11;
				GCC_NO_COMMON_BLOCKS = YES;
				GCC_WARN_64_TO_32_BIT_CONVERSION = YES;
				GCC_WARN_ABOUT_RETURN_TYPE = YES_ERROR;
				GCC_WARN_UNDECLARED_SELECTOR = YES;
				GCC_WARN_UNINITIALIZED_AUTOS = YES_AGGRESSIVE;
				GCC_WARN_UNUSED_FUNCTION = YES;
				GCC_WARN_UNUSED_VARIABLE = YES;
				IPHONEOS_DEPLOYMENT_TARGET = 16.1;
				MTL_ENABLE_DEBUG_INFO = NO;
				MTL_FAST_MATH = YES;
				SDKROOT = iphoneos;
				SWIFT_COMPILATION_MODE = wholemodule;
				SWIFT_OPTIMIZATION_LEVEL = "-O";
				VALIDATE_PRODUCT = YES;
			};
			name = Release;
		};
		8B72B0432AD0378A008A757A /* Debug */ = {
			isa = XCBuildConfiguration;
			buildSettings = {
				ASSETCATALOG_COMPILER_APPICON_NAME = AppIcon;
				ASSETCATALOG_COMPILER_GLOBAL_ACCENT_COLOR_NAME = AccentColor;
				CODE_SIGN_STYLE = Automatic;
				CURRENT_PROJECT_VERSION = 1;
				DEVELOPMENT_TEAM = 3GAU36V85Y;
				GENERATE_INFOPLIST_FILE = YES;
				INFOPLIST_FILE = HubHub/Info.plist;
				INFOPLIST_KEY_NSCameraUsageDescription = "\"This app needs access to the camera to scan QR codes.\"";
				INFOPLIST_KEY_UIApplicationSupportsIndirectInputEvents = YES;
				INFOPLIST_KEY_UILaunchStoryboardName = LaunchScreen;
				INFOPLIST_KEY_UIRequiresFullScreen = NO;
				INFOPLIST_KEY_UIStatusBarStyle = "";
				INFOPLIST_KEY_UISupportedInterfaceOrientations = "UIInterfaceOrientationLandscapeLeft UIInterfaceOrientationLandscapeRight UIInterfaceOrientationPortrait";
				IPHONEOS_DEPLOYMENT_TARGET = 15.0;
				LD_RUNPATH_SEARCH_PATHS = (
					"$(inherited)",
					"@executable_path/Frameworks",
				);
				MARKETING_VERSION = 1.0;
				PRODUCT_BUNDLE_IDENTIFIER = io.github.jaroshevskii.GitHub;
				PRODUCT_NAME = "$(TARGET_NAME)";
				SWIFT_EMIT_LOC_STRINGS = YES;
				SWIFT_VERSION = 5.0;
				TARGETED_DEVICE_FAMILY = "1,2";
			};
			name = Debug;
		};
		8B72B0442AD0378A008A757A /* Release */ = {
			isa = XCBuildConfiguration;
			buildSettings = {
				ASSETCATALOG_COMPILER_APPICON_NAME = AppIcon;
				ASSETCATALOG_COMPILER_GLOBAL_ACCENT_COLOR_NAME = AccentColor;
				CODE_SIGN_STYLE = Automatic;
				CURRENT_PROJECT_VERSION = 1;
				DEVELOPMENT_TEAM = 3GAU36V85Y;
				GENERATE_INFOPLIST_FILE = YES;
				INFOPLIST_FILE = HubHub/Info.plist;
				INFOPLIST_KEY_NSCameraUsageDescription = "\"This app needs access to the camera to scan QR codes.\"";
				INFOPLIST_KEY_UIApplicationSupportsIndirectInputEvents = YES;
				INFOPLIST_KEY_UILaunchStoryboardName = LaunchScreen;
				INFOPLIST_KEY_UIRequiresFullScreen = NO;
				INFOPLIST_KEY_UIStatusBarStyle = "";
				INFOPLIST_KEY_UISupportedInterfaceOrientations = "UIInterfaceOrientationLandscapeLeft UIInterfaceOrientationLandscapeRight UIInterfaceOrientationPortrait";
				IPHONEOS_DEPLOYMENT_TARGET = 15.0;
				LD_RUNPATH_SEARCH_PATHS = (
					"$(inherited)",
					"@executable_path/Frameworks",
				);
				MARKETING_VERSION = 1.0;
				PRODUCT_BUNDLE_IDENTIFIER = io.github.jaroshevskii.GitHub;
				PRODUCT_NAME = "$(TARGET_NAME)";
				SWIFT_EMIT_LOC_STRINGS = YES;
				SWIFT_VERSION = 5.0;
				TARGETED_DEVICE_FAMILY = "1,2";
			};
			name = Release;
		};
/* End XCBuildConfiguration section */

/* Begin XCConfigurationList section */
		8B72B0292AD03788008A757A /* Build configuration list for PBXProject "HubHub" */ = {
			isa = XCConfigurationList;
			buildConfigurations = (
				8B72B0402AD0378A008A757A /* Debug */,
				8B72B0412AD0378A008A757A /* Release */,
			);
			defaultConfigurationIsVisible = 0;
			defaultConfigurationName = Release;
		};
		8B72B0422AD0378A008A757A /* Build configuration list for PBXNativeTarget "HubHub" */ = {
			isa = XCConfigurationList;
			buildConfigurations = (
				8B72B0432AD0378A008A757A /* Debug */,
				8B72B0442AD0378A008A757A /* Release */,
			);
			defaultConfigurationIsVisible = 0;
			defaultConfigurationName = Release;
		};
/* End XCConfigurationList section */

/* Begin XCRemoteSwiftPackageReference section */
		8B72B0542AD04A60008A757A /* XCRemoteSwiftPackageReference "SnapKit" */ = {
			isa = XCRemoteSwiftPackageReference;
			repositoryURL = "https://github.com/SnapKit/SnapKit.git";
			requirement = {
				kind = upToNextMajorVersion;
				minimumVersion = 5.0.0;
			};
		};
		8B72B0592AD6E0DB008A757A /* XCRemoteSwiftPackageReference "Kingfisher" */ = {
			isa = XCRemoteSwiftPackageReference;
			repositoryURL = "https://github.com/onevcat/Kingfisher.git";
			requirement = {
				kind = upToNextMajorVersion;
				minimumVersion = 7.0.0;
			};
		};
		8B72B05D2AD6EA23008A757A /* XCRemoteSwiftPackageReference "Alamofire" */ = {
			isa = XCRemoteSwiftPackageReference;
			repositoryURL = "https://github.com/Alamofire/Alamofire.git";
			requirement = {
				kind = upToNextMajorVersion;
				minimumVersion = 5.0.0;
			};
		};
/* End XCRemoteSwiftPackageReference section */

/* Begin XCSwiftPackageProductDependency section */
		8B72B0552AD04A60008A757A /* SnapKit */ = {
			isa = XCSwiftPackageProductDependency;
			package = 8B72B0542AD04A60008A757A /* XCRemoteSwiftPackageReference "SnapKit" */;
			productName = SnapKit;
		};
		8B72B05A2AD6E0DB008A757A /* Kingfisher */ = {
			isa = XCSwiftPackageProductDependency;
			package = 8B72B0592AD6E0DB008A757A /* XCRemoteSwiftPackageReference "Kingfisher" */;
			productName = Kingfisher;
		};
		8B72B05E2AD6EA23008A757A /* Alamofire */ = {
			isa = XCSwiftPackageProductDependency;
			package = 8B72B05D2AD6EA23008A757A /* XCRemoteSwiftPackageReference "Alamofire" */;
			productName = Alamofire;
		};
/* End XCSwiftPackageProductDependency section */
	};
	rootObject = 8B72B0262AD03788008A757A /* Project object */;
}
